<?xml version="1.0" encoding="UTF-8" standalone="yes" ?>
<CodeBlocks_project_file>
	<FileVersion major="1" minor="6" />
	<Project>
		<Option title="ScreenSaver" />
		<Option pch_mode="2" />
		<Option compiler="gcc" />
		<Build>
			<Target title="Win32 Release">
				<Option output="Release/matrix_reloaded.scr" prefix_auto="1" extension_auto="0" />
				<Option object_output="Release" />
				<Option type="0" />
				<Option compiler="gcc" />
				<Option parameters="/s" />
				<Compiler>
					<Add option="-O2" />
					<Add option="-W" />
					<Add option="-fexceptions" />
					<Add option="-DWIN32" />
					<Add option="-DNDEBUG" />
					<Add option="-D_WINDOWS" />
					<Add option="-D_MBCS" />
				</Compiler>
				<Linker>
					<Add option="-static-libgcc" />
					<Add option="-static-libstdc++" />
					<Add library="kernel32" />
					<Add library="user32" />
					<Add library="gdi32" />
					<Add library="winspool" />
					<Add library="comdlg32" />
					<Add library="advapi32" />
					<Add library="shell32" />
					<Add library="ole32" />
					<Add library="oleaut32" />
					<Add library="uuid" />
					<Add library="odbc32" />
					<Add library="odbccp32" />
					<Add library="OpenGL32" />
					<Add library="GLu32" />
					<Add library="GLaux" />
					<Add library="ddraw" />
					<Add library="winmm" />
				</Linker>
			</Target>
			<Target title="Win32 Debug">
				<Option output="C:/Users/ldornbusch/Desktop/2del/Matrix22/src/Debug/matrix_reloaded.scr" prefix_auto="1" extension_auto="0" />
				<Option object_output="Debug" />
				<Option type="0" />
				<Option compiler="gcc" />
				<Option parameters="/S" />
				<Compiler>
					<Add option="-g" />
					<Add option="-W" />
					<Add option="-fexceptions" />
					<Add option="-DWIN32" />
					<Add option="-D_DEBUG" />
					<Add option="-D_WINDOWS" />
					<Add option="-D_MBCS" />
				</Compiler>
				<Linker>
					<Add option="-static-libgcc" />
					<Add option="-static-libstdc++" />
					<Add library="kernel32" />
					<Add library="user32" />
					<Add library="gdi32" />
					<Add library="winspool" />
					<Add library="comdlg32" />
					<Add library="advapi32" />
					<Add library="shell32" />
					<Add library="ole32" />
					<Add library="oleaut32" />
					<Add library="uuid" />
					<Add library="odbc32" />
					<Add library="odbccp32" />
					<Add library="OpenGL32" />
					<Add library="GLu32" />
					<Add library="GLaux" />
					<Add library="ddraw" />
					<Add library="winmm" />
				</Linker>
			</Target>
		</Build>
		<Unit filename="B_T.bmp" />
		<Unit filename="BaseWindow.cpp" />
		<Unit filename="BaseWindow.h" />
		<Unit filename="Cursor1.cur" />
		<Unit filename="DialLoop.wav" />
		<Unit filename="FindNumber.wav" />
		<Unit filename="Matrix/Bob.cpp" />
		<Unit filename="Matrix/Bob.h" />
		<Unit filename="Matrix/MatrixGlitch.cpp" />
		<Unit filename="Matrix/MatrixGlitch.h" />
		<Unit filename="Matrix/MatrixWindow.cpp" />
		<Unit filename="Matrix/MatrixWindow.h" />
		<Unit filename="Matrix/Registry.cpp" />
		<Unit filename="Matrix/Registry.h" />
		<Unit filename="Matrix/Screen.cpp" />
		<Unit filename="Matrix/Screen.h" />
		<Unit filename="Matrix/Show.cpp" />
		<Unit filename="Matrix/Show.h" />
		<Unit filename="Matrix/StringLine.cpp" />
		<Unit filename="Matrix/StringLine.h" />
		<Unit filename="Matrix/resource.h" />
		<Unit filename="ScreenSaver.rc">
			<Option compilerVar="WINDRES" />
		</Unit>
		<Unit filename="ScreensaverApp.cpp" />
		<Unit filename="ScreensaverApp.h" />
		<Unit filename="ScreensaverWindow.cpp" />
		<Unit filename="ScreensaverWindow.h" />
		<Unit filename="SearchNumbers.wav" />
		<Unit filename="Sprtdata.bmp" />
		<Unit filename="Title_mini.wav" />
		<Unit filename="icon1.ico" />
		<Unit filename="knockknock.wav" />
		<Unit filename="main.cpp" />
		<Extensions>
			<code_completion />
			<envvars />
			<debugger />
		</Extensions>
	</Project>
</CodeBlocks_project_file>
